FORGE
  remote: https://forgeapi.puppetlabs.com
  specs:
    jbussdieker-carbon (0.0.10)
      jbussdieker-whisper (>= 0)
      puppetlabs-concat (>= 0)
      puppetlabs-vcsrepo (>= 0)
    jbussdieker-graphite_web (0.0.6)
      puppetlabs-vcsrepo (>= 0)
    jbussdieker-whisper (0.0.8)
      puppetlabs-vcsrepo (>= 0)
    nanliu-staging (1.0.3)
    pdxcat-collectd (3.4.0)
      puppetlabs-concat (>= 1.0.4)
      puppetlabs-stdlib (>= 3.0.0)
    puppetlabs-apt (2.1.0)
      puppetlabs-stdlib (< 5.0.0, >= 4.5.0)
    puppetlabs-concat (1.2.3)
      puppetlabs-stdlib (< 5.0.0, >= 3.2.0)
    puppetlabs-git (0.4.0)
      puppetlabs-stdlib (>= 3.2.0)
    puppetlabs-rabbitmq (5.2.3)
      nanliu-staging (< 2.0.0, >= 0.3.1)
      puppetlabs-apt (< 3.0.0, >= 1.8.0)
      puppetlabs-stdlib (< 5.0.0, >= 3.0.0)
    puppetlabs-stdlib (4.6.0)
    puppetlabs-vcsrepo (1.3.0)

DEPENDENCIES
  jbussdieker-carbon (>= 0)
  jbussdieker-graphite_web (>= 0)
  jbussdieker-whisper (>= 0)
  pdxcat-collectd (>= 0)
  puppetlabs-apt (>= 0)
  puppetlabs-git (>= 0)
  puppetlabs-rabbitmq (>= 0)

